
Microsoft Visual Studio Solution File, Format Version 12.00
# Visual Studio Version 16
VisualStudioVersion = 16.0.31624.102
MinimumVisualStudioVersion = 10.0.40219.1
Project("{8BC9CEB8-8B4A-11D0-8D11-00A0C91BC942}") = "MyGame", "MyGame\MyGame.vcxproj", "{80F4CAD9-2300-4272-88E5-D865597A7C57}"
EndProject
Project("{8BC9CEB8-8B4A-11D0-8D11-00A0C91BC942}") = "SayadGE", "SayadGE\SayadGE.vcxproj", "{1503BA9C-B698-4CF2-83F2-21833BFCD1F6}"
EndProject
Project("{8BC9CEB8-8B4A-11D0-8D11-00A0C91BC942}") = "glfw", "glfw\build\src\glfw.vcxproj", "{5B1C22BF-9423-3CA7-A2D7-A81486496B6B}"
EndProject
Global
	GlobalSection(SolutionConfigurationPlatforms) = preSolution
		Debug|x64 = Debug|x64
		MinSizeRel|x64 = MinSizeRel|x64
		Release|x64 = Release|x64
		RelWithDebInfo|x64 = RelWithDebInfo|x64
	EndGlobalSection
	GlobalSection(ProjectConfigurationPlatforms) = postSolution
		{80F4CAD9-2300-4272-88E5-D865597A7C57}.Debug|x64.ActiveCfg = Debug|x64
		{80F4CAD9-2300-4272-88E5-D865597A7C57}.Debug|x64.Build.0 = Debug|x64
		{80F4CAD9-2300-4272-88E5-D865597A7C57}.MinSizeRel|x64.ActiveCfg = Release|x64
		{80F4CAD9-2300-4272-88E5-D865597A7C57}.MinSizeRel|x64.Build.0 = Release|x64
		{80F4CAD9-2300-4272-88E5-D865597A7C57}.Release|x64.ActiveCfg = Release|x64
		{80F4CAD9-2300-4272-88E5-D865597A7C57}.Release|x64.Build.0 = Release|x64
		{80F4CAD9-2300-4272-88E5-D865597A7C57}.RelWithDebInfo|x64.ActiveCfg = Release|x64
		{80F4CAD9-2300-4272-88E5-D865597A7C57}.RelWithDebInfo|x64.Build.0 = Release|x64
		{1503BA9C-B698-4CF2-83F2-21833BFCD1F6}.Debug|x64.ActiveCfg = Debug|x64
		{1503BA9C-B698-4CF2-83F2-21833BFCD1F6}.Debug|x64.Build.0 = Debug|x64
		{1503BA9C-B698-4CF2-83F2-21833BFCD1F6}.MinSizeRel|x64.ActiveCfg = Release|x64
		{1503BA9C-B698-4CF2-83F2-21833BFCD1F6}.MinSizeRel|x64.Build.0 = Release|x64
		{1503BA9C-B698-4CF2-83F2-21833BFCD1F6}.Release|x64.ActiveCfg = Release|x64
		{1503BA9C-B698-4CF2-83F2-21833BFCD1F6}.Release|x64.Build.0 = Release|x64
		{1503BA9C-B698-4CF2-83F2-21833BFCD1F6}.RelWithDebInfo|x64.ActiveCfg = Release|x64
		{1503BA9C-B698-4CF2-83F2-21833BFCD1F6}.RelWithDebInfo|x64.Build.0 = Release|x64
		{5B1C22BF-9423-3CA7-A2D7-A81486496B6B}.Debug|x64.ActiveCfg = Debug|x64
		{5B1C22BF-9423-3CA7-A2D7-A81486496B6B}.Debug|x64.Build.0 = Debug|x64
		{5B1C22BF-9423-3CA7-A2D7-A81486496B6B}.MinSizeRel|x64.ActiveCfg = MinSizeRel|x64
		{5B1C22BF-9423-3CA7-A2D7-A81486496B6B}.MinSizeRel|x64.Build.0 = MinSizeRel|x64
		{5B1C22BF-9423-3CA7-A2D7-A81486496B6B}.Release|x64.ActiveCfg = Release|x64
		{5B1C22BF-9423-3CA7-A2D7-A81486496B6B}.Release|x64.Build.0 = Release|x64
		{5B1C22BF-9423-3CA7-A2D7-A81486496B6B}.RelWithDebInfo|x64.ActiveCfg = RelWithDebInfo|x64
		{5B1C22BF-9423-3CA7-A2D7-A81486496B6B}.RelWithDebInfo|x64.Build.0 = RelWithDebInfo|x64
	EndGlobalSection
	GlobalSection(SolutionProperties) = preSolution
		HideSolutionNode = FALSE
	EndGlobalSection
	GlobalSection(ExtensibilityGlobals) = postSolution
		SolutionGuid = {35C05B3E-9FB4-40D2-B568-9A02AC5E75D2}
	EndGlobalSection
EndGlobal
